
Microsoft Visual Studio Solution File, Format Version 12.00
# Visual Studio Version 17
VisualStudioVersion = 17.11.35222.181
MinimumVisualStudioVersion = 10.0.40219.1
Project("{FAE04EC0-301F-11D3-BF4B-00C04F79EFBC}") = "GestioneOrdini", "GestioneOrdini\GestioneOrdini.csproj", "{CDDDF606-9F23-4178-B282-460532A46C45}"
EndProject
Global
	GlobalSection(SolutionConfigurationPlatforms) = preSolution
		Debug|Any CPU = Debug|Any CPU
		Release|Any CPU = Release|Any CPU
	EndGlobalSection
	GlobalSection(ProjectConfigurationPlatforms) = postSolution
		{CDDDF606-9F23-4178-B282-460532A46C45}.Debug|Any CPU.ActiveCfg = Debug|Any CPU
		{CDDDF606-9F23-4178-B282-460532A46C45}.Debug|Any CPU.Build.0 = Debug|Any CPU
		{CDDDF606-9F23-4178-B282-460532A46C45}.Release|Any CPU.ActiveCfg = Release|Any CPU
		{CDDDF606-9F23-4178-B282-460532A46C45}.Release|Any CPU.Build.0 = Release|Any CPU
	EndGlobalSection
	GlobalSection(SolutionProperties) = preSolution
		HideSolutionNode = FALSE
	EndGlobalSection
	GlobalSection(ExtensibilityGlobals) = postSolution
		SolutionGuid = {9826110B-1956-4978-8573-7BBCD8DA2431}
	EndGlobalSection
EndGlobal
